
Microsoft Visual Studio Solution File, Format Version 12.00
# Visual Studio 2013
VisualStudioVersion = 12.0.31101.0
MinimumVisualStudioVersion = 10.0.40219.1
Project("{FAE04EC0-301F-11D3-BF4B-00C04F79EFBC}") = "Studio.PresentationStyle", "Studio.PresentationStyle\Studio.PresentationStyle.csproj", "{1C6229D3-B310-4D30-8FA4-23481067C692}"
EndProject
Project("{2150E333-8FDC-42A3-9474-1A3956D46DE8}") = ".nuget", ".nuget", "{DBB45D30-1B28-44AA-8016-B38B641BD9D5}"
	ProjectSection(SolutionItems) = preProject
		.nuget\packages.config = .nuget\packages.config
	EndProjectSection
EndProject
Project("{2150E333-8FDC-42A3-9474-1A3956D46DE8}") = "Solution Items", "Solution Items", "{2717E5A5-1249-4CC9-9C13-9851F09DD4AD}"
	ProjectSection(SolutionItems) = preProject
		setup.iss = setup.iss
	EndProjectSection
EndProject
Global
	GlobalSection(SolutionConfigurationPlatforms) = preSolution
		Debug|Any CPU = Debug|Any CPU
		Release|Any CPU = Release|Any CPU
	EndGlobalSection
	GlobalSection(ProjectConfigurationPlatforms) = postSolution
		{1C6229D3-B310-4D30-8FA4-23481067C692}.Debug|Any CPU.ActiveCfg = Debug|Any CPU
		{1C6229D3-B310-4D30-8FA4-23481067C692}.Debug|Any CPU.Build.0 = Debug|Any CPU
		{1C6229D3-B310-4D30-8FA4-23481067C692}.Release|Any CPU.ActiveCfg = Release|Any CPU
		{1C6229D3-B310-4D30-8FA4-23481067C692}.Release|Any CPU.Build.0 = Release|Any CPU
	EndGlobalSection
	GlobalSection(SolutionProperties) = preSolution
		HideSolutionNode = FALSE
	EndGlobalSection
EndGlobal
